
Microsoft Visual Studio Solution File, Format Version 12.00
# Visual Studio Version 16
VisualStudioVersion = 16.0.30503.244
MinimumVisualStudioVersion = 10.0.40219.1
Project("{FAE04EC0-301F-11D3-BF4B-00C04F79EFBC}") = "login", "login\login.csproj", "{8765B6BA-C1E7-4871-8C8C-0D88DDF8721E}"
EndProject
Global
	GlobalSection(SolutionConfigurationPlatforms) = preSolution
		Debug|Any CPU = Debug|Any CPU
		Release|Any CPU = Release|Any CPU
	EndGlobalSection
	GlobalSection(ProjectConfigurationPlatforms) = postSolution
		{8765B6BA-C1E7-4871-8C8C-0D88DDF8721E}.Debug|Any CPU.ActiveCfg = Debug|Any CPU
		{8765B6BA-C1E7-4871-8C8C-0D88DDF8721E}.Debug|Any CPU.Build.0 = Debug|Any CPU
		{8765B6BA-C1E7-4871-8C8C-0D88DDF8721E}.Release|Any CPU.ActiveCfg = Release|Any CPU
		{8765B6BA-C1E7-4871-8C8C-0D88DDF8721E}.Release|Any CPU.Build.0 = Release|Any CPU
	EndGlobalSection
	GlobalSection(SolutionProperties) = preSolution
		HideSolutionNode = FALSE
	EndGlobalSection
	GlobalSection(ExtensibilityGlobals) = postSolution
		SolutionGuid = {FD67A743-1DA6-4D63-BDBA-2A34A5A78F54}
	EndGlobalSection
EndGlobal
